
Microsoft Visual Studio Solution File, Format Version 12.00
# Visual Studio Version 17
VisualStudioVersion = 17.4.33213.308
MinimumVisualStudioVersion = 10.0.40219.1
Project("{FAE04EC0-301F-11D3-BF4B-00C04F79EFBC}") = "Game of War", "Game of War\Game of War.csproj", "{8981C6FB-45D6-4F80-AE54-DEC8AB85CA72}"
EndProject
Global
	GlobalSection(SolutionConfigurationPlatforms) = preSolution
		Debug|Any CPU = Debug|Any CPU
		Release|Any CPU = Release|Any CPU
	EndGlobalSection
	GlobalSection(ProjectConfigurationPlatforms) = postSolution
		{8981C6FB-45D6-4F80-AE54-DEC8AB85CA72}.Debug|Any CPU.ActiveCfg = Debug|Any CPU
		{8981C6FB-45D6-4F80-AE54-DEC8AB85CA72}.Debug|Any CPU.Build.0 = Debug|Any CPU
		{8981C6FB-45D6-4F80-AE54-DEC8AB85CA72}.Release|Any CPU.ActiveCfg = Release|Any CPU
		{8981C6FB-45D6-4F80-AE54-DEC8AB85CA72}.Release|Any CPU.Build.0 = Release|Any CPU
	EndGlobalSection
	GlobalSection(SolutionProperties) = preSolution
		HideSolutionNode = FALSE
	EndGlobalSection
	GlobalSection(ExtensibilityGlobals) = postSolution
		SolutionGuid = {348EA4BD-8CE5-4710-9467-FBB7C419868D}
	EndGlobalSection
EndGlobal
